
Microsoft Visual Studio Solution File, Format Version 11.00
# Visual Studio 2010
Project("{8BC9CEB8-8B4A-11D0-8D11-00A0C91BC942}") = "Data_Structure_1", "Data_Structure_1\Data_Structure_1.vcxproj", "{7A94C9BF-0461-4CFE-B9AE-849A54801440}"
EndProject
Global
	GlobalSection(SolutionConfigurationPlatforms) = preSolution
		Debug|Win32 = Debug|Win32
		Release|Win32 = Release|Win32
	EndGlobalSection
	GlobalSection(ProjectConfigurationPlatforms) = postSolution
		{7A94C9BF-0461-4CFE-B9AE-849A54801440}.Debug|Win32.ActiveCfg = Debug|Win32
		{7A94C9BF-0461-4CFE-B9AE-849A54801440}.Debug|Win32.Build.0 = Debug|Win32
		{7A94C9BF-0461-4CFE-B9AE-849A54801440}.Release|Win32.ActiveCfg = Release|Win32
		{7A94C9BF-0461-4CFE-B9AE-849A54801440}.Release|Win32.Build.0 = Release|Win32
	EndGlobalSection
	GlobalSection(SolutionProperties) = preSolution
		HideSolutionNode = FALSE
	EndGlobalSection
EndGlobal
